
Microsoft Visual Studio Solution File, Format Version 12.00
# Visual Studio Version 16
VisualStudioVersion = 16.0.32002.261
MinimumVisualStudioVersion = 10.0.40219.1
Project("{9A19103F-16F7-4668-BE54-9A1E7A4F7556}") = "FourSoulsStatsTracker", "FourSoulsStatsTracker\FourSoulsStatsTracker.csproj", "{D787C384-0439-4F15-8F4D-7FFA6BE25DE1}"
EndProject
Project("{FAE04EC0-301F-11D3-BF4B-00C04F79EFBC}") = "GUI", "GUI\GUI.csproj", "{98C53A02-4C86-4B1A-B134-D443549099F9}"
	ProjectSection(ProjectDependencies) = postProject
		{D787C384-0439-4F15-8F4D-7FFA6BE25DE1} = {D787C384-0439-4F15-8F4D-7FFA6BE25DE1}
	EndProjectSection
EndProject
Global
	GlobalSection(SolutionConfigurationPlatforms) = preSolution
		Debug|Any CPU = Debug|Any CPU
		Release|Any CPU = Release|Any CPU
	EndGlobalSection
	GlobalSection(ProjectConfigurationPlatforms) = postSolution
		{D787C384-0439-4F15-8F4D-7FFA6BE25DE1}.Debug|Any CPU.ActiveCfg = Debug|Any CPU
		{D787C384-0439-4F15-8F4D-7FFA6BE25DE1}.Debug|Any CPU.Build.0 = Debug|Any CPU
		{D787C384-0439-4F15-8F4D-7FFA6BE25DE1}.Release|Any CPU.ActiveCfg = Release|Any CPU
		{D787C384-0439-4F15-8F4D-7FFA6BE25DE1}.Release|Any CPU.Build.0 = Release|Any CPU
		{98C53A02-4C86-4B1A-B134-D443549099F9}.Debug|Any CPU.ActiveCfg = Debug|Any CPU
		{98C53A02-4C86-4B1A-B134-D443549099F9}.Debug|Any CPU.Build.0 = Debug|Any CPU
		{98C53A02-4C86-4B1A-B134-D443549099F9}.Release|Any CPU.ActiveCfg = Release|Any CPU
		{98C53A02-4C86-4B1A-B134-D443549099F9}.Release|Any CPU.Build.0 = Release|Any CPU
	EndGlobalSection
	GlobalSection(SolutionProperties) = preSolution
		HideSolutionNode = FALSE
	EndGlobalSection
	GlobalSection(ExtensibilityGlobals) = postSolution
		SolutionGuid = {3EC65509-10B9-4CC4-ACA1-3709591E7FAC}
	EndGlobalSection
EndGlobal
