
Microsoft Visual Studio Solution File, Format Version 12.00
# Visual Studio Version 16
VisualStudioVersion = 16.0.32002.261
MinimumVisualStudioVersion = 10.0.40219.1
Project("{9A19103F-16F7-4668-BE54-9A1E7A4F7556}") = "FourSoulsStatsTracker", "FourSoulsStatsTracker\FourSoulsStatsTracker.csproj", "{D787C384-0439-4F15-8F4D-7FFA6BE25DE1}"
EndProject
Project("{FAE04EC0-301F-11D3-BF4B-00C04F79EFBC}") = "GUI", "GUI\GUI.csproj", "{728CD499-7888-4352-B00E-A5225602C9A5}"
EndProject
Global
	GlobalSection(SolutionConfigurationPlatforms) = preSolution
		Debug|Any CPU = Debug|Any CPU
		Release|Any CPU = Release|Any CPU
	EndGlobalSection
	GlobalSection(ProjectConfigurationPlatforms) = postSolution
		{D787C384-0439-4F15-8F4D-7FFA6BE25DE1}.Debug|Any CPU.ActiveCfg = Debug|Any CPU
		{D787C384-0439-4F15-8F4D-7FFA6BE25DE1}.Debug|Any CPU.Build.0 = Debug|Any CPU
		{D787C384-0439-4F15-8F4D-7FFA6BE25DE1}.Release|Any CPU.ActiveCfg = Release|Any CPU
		{D787C384-0439-4F15-8F4D-7FFA6BE25DE1}.Release|Any CPU.Build.0 = Release|Any CPU
		{728CD499-7888-4352-B00E-A5225602C9A5}.Debug|Any CPU.ActiveCfg = Debug|Any CPU
		{728CD499-7888-4352-B00E-A5225602C9A5}.Debug|Any CPU.Build.0 = Debug|Any CPU
		{728CD499-7888-4352-B00E-A5225602C9A5}.Release|Any CPU.ActiveCfg = Release|Any CPU
		{728CD499-7888-4352-B00E-A5225602C9A5}.Release|Any CPU.Build.0 = Release|Any CPU
	EndGlobalSection
	GlobalSection(SolutionProperties) = preSolution
		HideSolutionNode = FALSE
	EndGlobalSection
	GlobalSection(ExtensibilityGlobals) = postSolution
		SolutionGuid = {3EC65509-10B9-4CC4-ACA1-3709591E7FAC}
	EndGlobalSection
EndGlobal
