
Microsoft Visual Studio Solution File, Format Version 12.00
# Visual Studio Version 17
VisualStudioVersion = 17.1.32414.318
MinimumVisualStudioVersion = 10.0.40219.1
Project("{9A19103F-16F7-4668-BE54-9A1E7A4F7556}") = "FourSoulsCore", "FourSoulsCore\FourSoulsCore.csproj", "{F3083E8E-EB91-4797-853F-A37C08E87F47}"
EndProject
Project("{9A19103F-16F7-4668-BE54-9A1E7A4F7556}") = "Test", "Test\Test.csproj", "{C45B1CAB-60E4-4130-AE28-517BD5C2497C}"
EndProject
Project("{9A19103F-16F7-4668-BE54-9A1E7A4F7556}") = "FourSoulsStatGUI", "FourSoulsStatGUI\FourSoulsStatGUI.csproj", "{0753D280-07BB-49B7-BAA6-099B8621791E}"
EndProject
Project("{FAE04EC0-301F-11D3-BF4B-00C04F79EFBC}") = "FourSoulsData", "FourSoulsData\FourSoulsData.csproj", "{CECC93AF-15A4-4BD2-AB4D-5749DE300F8D}"
EndProject
Global
	GlobalSection(SolutionConfigurationPlatforms) = preSolution
		Debug|Any CPU = Debug|Any CPU
		Release|Any CPU = Release|Any CPU
	EndGlobalSection
	GlobalSection(ProjectConfigurationPlatforms) = postSolution
		{F3083E8E-EB91-4797-853F-A37C08E87F47}.Debug|Any CPU.ActiveCfg = Debug|Any CPU
		{F3083E8E-EB91-4797-853F-A37C08E87F47}.Debug|Any CPU.Build.0 = Debug|Any CPU
		{F3083E8E-EB91-4797-853F-A37C08E87F47}.Release|Any CPU.ActiveCfg = Release|Any CPU
		{F3083E8E-EB91-4797-853F-A37C08E87F47}.Release|Any CPU.Build.0 = Release|Any CPU
		{C45B1CAB-60E4-4130-AE28-517BD5C2497C}.Debug|Any CPU.ActiveCfg = Debug|Any CPU
		{C45B1CAB-60E4-4130-AE28-517BD5C2497C}.Debug|Any CPU.Build.0 = Debug|Any CPU
		{C45B1CAB-60E4-4130-AE28-517BD5C2497C}.Release|Any CPU.ActiveCfg = Release|Any CPU
		{C45B1CAB-60E4-4130-AE28-517BD5C2497C}.Release|Any CPU.Build.0 = Release|Any CPU
		{0753D280-07BB-49B7-BAA6-099B8621791E}.Debug|Any CPU.ActiveCfg = Debug|Any CPU
		{0753D280-07BB-49B7-BAA6-099B8621791E}.Debug|Any CPU.Build.0 = Debug|Any CPU
		{0753D280-07BB-49B7-BAA6-099B8621791E}.Debug|Any CPU.Deploy.0 = Debug|Any CPU
		{0753D280-07BB-49B7-BAA6-099B8621791E}.Release|Any CPU.ActiveCfg = Release|Any CPU
		{0753D280-07BB-49B7-BAA6-099B8621791E}.Release|Any CPU.Build.0 = Release|Any CPU
		{0753D280-07BB-49B7-BAA6-099B8621791E}.Release|Any CPU.Deploy.0 = Release|Any CPU
		{CECC93AF-15A4-4BD2-AB4D-5749DE300F8D}.Debug|Any CPU.ActiveCfg = Debug|Any CPU
		{CECC93AF-15A4-4BD2-AB4D-5749DE300F8D}.Debug|Any CPU.Build.0 = Debug|Any CPU
		{CECC93AF-15A4-4BD2-AB4D-5749DE300F8D}.Release|Any CPU.ActiveCfg = Release|Any CPU
		{CECC93AF-15A4-4BD2-AB4D-5749DE300F8D}.Release|Any CPU.Build.0 = Release|Any CPU
	EndGlobalSection
	GlobalSection(SolutionProperties) = preSolution
		HideSolutionNode = FALSE
	EndGlobalSection
	GlobalSection(ExtensibilityGlobals) = postSolution
		SolutionGuid = {3EC65509-10B9-4CC4-ACA1-3709591E7FAC}
	EndGlobalSection
EndGlobal
